
Microsoft Visual Studio Solution File, Format Version 12.00
# Visual Studio 15
VisualStudioVersion = 15.0.28307.421
MinimumVisualStudioVersion = 10.0.40219.1
Project("{FAE04EC0-301F-11D3-BF4B-00C04F79EFBC}") = "WindowsFormsApp1", "WindowsFormsApp1\WindowsFormsApp1.csproj", "{60B9C14C-B94F-408A-929A-09C0CAA56A01}"
EndProject
Global
	GlobalSection(SolutionConfigurationPlatforms) = preSolution
		Debug|Any CPU = Debug|Any CPU
		Release|Any CPU = Release|Any CPU
	EndGlobalSection
	GlobalSection(ProjectConfigurationPlatforms) = postSolution
		{60B9C14C-B94F-408A-929A-09C0CAA56A01}.Debug|Any CPU.ActiveCfg = Debug|Any CPU
		{60B9C14C-B94F-408A-929A-09C0CAA56A01}.Debug|Any CPU.Build.0 = Debug|Any CPU
		{60B9C14C-B94F-408A-929A-09C0CAA56A01}.Release|Any CPU.ActiveCfg = Release|Any CPU
		{60B9C14C-B94F-408A-929A-09C0CAA56A01}.Release|Any CPU.Build.0 = Release|Any CPU
	EndGlobalSection
	GlobalSection(SolutionProperties) = preSolution
		HideSolutionNode = FALSE
	EndGlobalSection
	GlobalSection(ExtensibilityGlobals) = postSolution
		SolutionGuid = {662808BE-DEA2-4EC2-914B-A8DB9D70538B}
	EndGlobalSection
EndGlobal
